
Microsoft Visual Studio Solution File, Format Version 10.00
# Visual Studio 2008
Project("{FAE04EC0-301F-11D3-BF4B-00C04F79EFBC}") = "PicFace", "PicFace\PicFace.csproj", "{ECA125F3-200D-4A8E-B86E-2C9AE5D3C4A7}"
EndProject
Global
	GlobalSection(SubversionScc) = preSolution
		Svn-Managed = True
		Manager = AnkhSVN - Subversion Support for Visual Studio
	EndGlobalSection
	GlobalSection(SolutionConfigurationPlatforms) = preSolution
		Debug|Any CPU = Debug|Any CPU
		Release|Any CPU = Release|Any CPU
	EndGlobalSection
	GlobalSection(ProjectConfigurationPlatforms) = postSolution
		{ECA125F3-200D-4A8E-B86E-2C9AE5D3C4A7}.Debug|Any CPU.ActiveCfg = Debug|Any CPU
		{ECA125F3-200D-4A8E-B86E-2C9AE5D3C4A7}.Debug|Any CPU.Build.0 = Debug|Any CPU
		{ECA125F3-200D-4A8E-B86E-2C9AE5D3C4A7}.Release|Any CPU.ActiveCfg = Release|Any CPU
		{ECA125F3-200D-4A8E-B86E-2C9AE5D3C4A7}.Release|Any CPU.Build.0 = Release|Any CPU
	EndGlobalSection
	GlobalSection(SolutionProperties) = preSolution
		HideSolutionNode = FALSE
	EndGlobalSection
EndGlobal
